{
    "_meta": {
        "hash": {
            "sha256": "be99767dd07c8b358608315fd9c8938383b23afab5cbb2bbdd9cbd6ea7c10e3e"
        },
        "pipfile-spec": 6,
        "requires": {
            "python_version": "3.7"
        },
        "sources": [
            {
                "name": "pypi",
                "url": "https://pypi.tuna.tsinghua.edu.cn/simple",
                "verify_ssl": true
            }
        ]
    },
    "default": {},
    "develop": {}
}
